{
  "version": "2",
  "remote": {
    "https://deno.land/std@0.115.1/encoding/hex.ts": "5bc7df19af498c315cdaba69e2fce1b2aef5fc57344e8c21c08991aa8505a260",
    "https://deno.land/std@0.115.1/hash/md5.ts": "957791b9052b40cfa211eeb755a76ad6ad12177387ba84b47c4bc8be4edd60c8",
    "https://deno.land/std@0.177.0/_util/asserts.ts": "178dfc49a464aee693a7e285567b3d0b555dc805ff490505a8aae34f9cfb1462",
    "https://deno.land/std@0.177.0/_util/os.ts": "d932f56d41e4f6a6093d56044e29ce637f8dcc43c5a90af43504a889cf1775e3",
    "https://deno.land/std@0.177.0/collections/filter_values.ts": "5b9feaf17b9a6e5ffccdd36cf6f38fa4ffa94cff2602d381c2ad0c2a97929652",
    "https://deno.land/std@0.177.0/collections/without_all.ts": "a89f5da0b5830defed4f59666e188df411d8fece35a5f6ca69be6ca71a95c185",
    "https://deno.land/std@0.177.0/dotenv/load.ts": "0636983549b98f29ab75c9a22a42d9723f0a389ece5498fe971e7bb2556a12e2",
    "https://deno.land/std@0.177.0/dotenv/mod.ts": "8dcbc8a40b896a0bf094582aaeadbfc76d3528872faf2efc0302beb1d2f6afd0",
    "https://deno.land/std@0.177.0/fs/_util.ts": "65381f341af1ff7f40198cee15c20f59951ac26e51ddc651c5293e24f9ce6f32",
    "https://deno.land/std@0.177.0/fs/copy.ts": "14214efd94fc3aa6db1e4af2b4b9578e50f7362b7f3725d5a14ad259a5df26c8",
    "https://deno.land/std@0.177.0/fs/empty_dir.ts": "c3d2da4c7352fab1cf144a1ecfef58090769e8af633678e0f3fabaef98594688",
    "https://deno.land/std@0.177.0/fs/ensure_dir.ts": "724209875497a6b4628dfb256116e5651c4f7816741368d6c44aab2531a1e603",
    "https://deno.land/std@0.177.0/fs/ensure_file.ts": "c38602670bfaf259d86ca824a94e6cb9e5eb73757fefa4ebf43a90dd017d53d9",
    "https://deno.land/std@0.177.0/fs/ensure_link.ts": "c0f5b2f0ec094ed52b9128eccb1ee23362a617457aa0f699b145d4883f5b2fb4",
    "https://deno.land/std@0.177.0/fs/ensure_symlink.ts": "2955cc8332aeca9bdfefd05d8d3976b94e282b0f353392a71684808ed2ffdd41",
    "https://deno.land/std@0.177.0/fs/eol.ts": "f1f2eb348a750c34500741987b21d65607f352cf7205f48f4319d417fff42842",
    "https://deno.land/std@0.177.0/fs/exists.ts": "b8c8a457b71e9d7f29b9d2f87aad8dba2739cbe637e8926d6ba6e92567875f8e",
    "https://deno.land/std@0.177.0/fs/expand_glob.ts": "45d17e89796a24bd6002e4354eda67b4301bb8ba67d2cac8453cdabccf1d9ab0",
    "https://deno.land/std@0.177.0/fs/mod.ts": "bc3d0acd488cc7b42627044caf47d72019846d459279544e1934418955ba4898",
    "https://deno.land/std@0.177.0/fs/move.ts": "4cb47f880e3f0582c55e71c9f8b1e5e8cfaacb5e84f7390781dd563b7298ec19",
    "https://deno.land/std@0.177.0/fs/walk.ts": "ea95ffa6500c1eda6b365be488c056edc7c883a1db41ef46ec3bf057b1c0fe32",
    "https://deno.land/std@0.177.0/path/_constants.ts": "e49961f6f4f48039c0dfed3c3f93e963ca3d92791c9d478ac5b43183413136e0",
    "https://deno.land/std@0.177.0/path/_interface.ts": "6471159dfbbc357e03882c2266d21ef9afdb1e4aa771b0545e90db58a0ba314b",
    "https://deno.land/std@0.177.0/path/_util.ts": "d7abb1e0dea065f427b89156e28cdeb32b045870acdf865833ba808a73b576d0",
    "https://deno.land/std@0.177.0/path/common.ts": "ee7505ab01fd22de3963b64e46cff31f40de34f9f8de1fff6a1bd2fe79380000",
    "https://deno.land/std@0.177.0/path/glob.ts": "d479e0a695621c94d3fd7fe7abd4f9499caf32a8de13f25073451c6ef420a4e1",
    "https://deno.land/std@0.177.0/path/mod.ts": "4b83694ac500d7d31b0cdafc927080a53dc0c3027eb2895790fb155082b0d232",
    "https://deno.land/std@0.177.0/path/posix.ts": "8b7c67ac338714b30c816079303d0285dd24af6b284f7ad63da5b27372a2c94d",
    "https://deno.land/std@0.177.0/path/separator.ts": "0fb679739d0d1d7bf45b68dacfb4ec7563597a902edbaf3c59b50d5bcadd93b1",
    "https://deno.land/std@0.177.0/path/win32.ts": "d186344e5583bcbf8b18af416d13d82b35a317116e6460a5a3953508c3de5bba",
    "https://deno.land/std@0.79.0/async/deferred.ts": "ecdb71319e164ec4ace5a44e3ee991b52c21bfc19e498acdf8eccdc0b1184f70",
    "https://deno.land/std@0.87.0/_util/assert.ts": "2f868145a042a11d5ad0a3c748dcf580add8a0dbc0e876eaa0026303a5488f58",
    "https://deno.land/std@0.87.0/_util/os.ts": "e282950a0eaa96760c0cf11e7463e66babd15ec9157d4c9ed49cc0925686f6a7",
    "https://deno.land/std@0.87.0/path/_constants.ts": "1247fee4a79b70c89f23499691ef169b41b6ccf01887a0abd131009c5581b853",
    "https://deno.land/std@0.87.0/path/_interface.ts": "1fa73b02aaa24867e481a48492b44f2598cd9dfa513c7b34001437007d3642e4",
    "https://deno.land/std@0.87.0/path/_util.ts": "f4fa69aa3cbbd8568763bfc43c7236875015ba343602d8bafd332b4b4243681b",
    "https://deno.land/std@0.87.0/path/common.ts": "eaf03d08b569e8a87e674e4e265e099f237472b6fd135b3cbeae5827035ea14a",
    "https://deno.land/std@0.87.0/path/glob.ts": "4a524c1c9da3e79a9fdabdc6e850cd9e41bdf31e442856ffa19c5b123268ca95",
    "https://deno.land/std@0.87.0/path/mod.ts": "4465dc494f271b02569edbb4a18d727063b5dbd6ed84283ff906260970a15d12",
    "https://deno.land/std@0.87.0/path/posix.ts": "1408f8ba482a4dc5fc0a7cd7be28bbbff9608d2b3b5ffdcf288ae1228d959add",
    "https://deno.land/std@0.87.0/path/separator.ts": "8fdcf289b1b76fd726a508f57d3370ca029ae6976fcde5044007f062e643ff1c",
    "https://deno.land/std@0.87.0/path/win32.ts": "6ca052f54500f00cd7a5172fde62900626ab620dcd5bdcf4e6f5695d001ddef6",
    "https://deno.land/x/deno_cron@v1.0.0/cron.ts": "7f984d0c4c7ac4fb1ad3cd241d457e7808a9362735d910abb02dc689883ee3ef",
    "https://deno.land/x/dsddb@v2.1.0/deps.ts": "0bc94032794187beff7a01d169540af9d6c51100d1b84df4b839cc2841c48777",
    "https://deno.land/x/dsddb@v2.1.0/mod.ts": "e4e4702b96df6dfeed9bd06e0eccd2521b0ec0aecda36a365e210654650437fe",
    "https://deno.land/x/dsddb@v2.1.0/src/dsddb.ts": "d386cdcd4651bfd6e84f8b75a9e4905a56d2fb14ce2e05da7b8bfb93ca97aa25",
    "https://deno.land/x/openai@1.2.1/mod.ts": "33d22d2e4612a1a2f0ca2f395c806587f4201532d57ee609b34c91b491ee8496",
    "https://deno.land/x/openai@1.2.1/src/openai.ts": "09816d892eea00cf79f5c0c49be5eb054049b88890242fbe7155a947d09fe453",
    "https://deno.land/x/openai@1.2.1/src/types.ts": "94cceb7ecba3ef59d0c5991c3fac96d1ef9502965a130c4b145b7c8ba6f0c6c5",
    "https://deno.land/x/tmi@v1.0.6/lib/channel.ts": "392d4876d45ee732685741e758aace04dd470adae0814b4d87eedfa619c9f27b",
    "https://deno.land/x/tmi@v1.0.6/lib/parser.ts": "d843c8f7d6c02d3a0ec000db013d7ddbee397c9e3e10b8ca18528dff46ebe732",
    "https://deno.land/x/tmi@v1.0.6/lib/twitch_api.ts": "9801573e7f60991acfd6488bb356a6162381d01fdf18ea2b947dd921aca9010c",
    "https://deno.land/x/tmi@v1.0.6/lib/twitch_api_types.ts": "6a12662804c2afe1ac56945b451cb059da2e87e4af342565d5444cebbe44dd2c",
    "https://deno.land/x/tmi@v1.0.6/lib/twitch_chat.ts": "c14121f19877983599c9bf8b394aaab3f25aa2bbe1f9e5879593c336022c675a",
    "https://deno.land/x/tmi@v1.0.6/lib/twitch_commands.ts": "6afaf34cec69d380da3c4c64d8ac617c398a6ed340d97166c37a67b7e0c91d6f",
    "https://deno.land/x/tmi@v1.0.6/lib/twitch_data.ts": "9d767aa165da11798a736dfea4a89ea34f619c3e2f24224ebee881c214f5b06c",
    "https://deno.land/x/tmi@v1.0.6/lib/util.ts": "9354b198494c1fe0ac74a4ddb7e6ed8b8d9520254ff5f1344b9c91c1f50d5037",
    "https://deno.land/x/tmi@v1.0.6/mod.ts": "df11a15df5e80f09dd04768fbefac0ad904ceb3bb0539b2dd05180e0b8936e8d",
    "https://raw.githubusercontent.com/piero0920/ptera/master/constants.ts": "61659e7f70136d73e0215d373fa815427f424a8b1596bf88ba62da4f542b4c2a",
    "https://raw.githubusercontent.com/piero0920/ptera/master/convert.ts": "f4251fd3f46b7924fc70f2e81c13eeee9123897478b309e3117cc8b421386c81",
    "https://raw.githubusercontent.com/piero0920/ptera/master/datetime.ts": "fd6bd0e6bc8cb6ddd21416d7f9bde6fca93d0a6de17dfad676ce79af1cd667a3",
    "https://raw.githubusercontent.com/piero0920/ptera/master/diff.ts": "262cacd353e4feb923ae17845bcbd4368eeeb0e6557fc0d9069c7adfd920e080",
    "https://raw.githubusercontent.com/piero0920/ptera/master/format.ts": "43fb06c0bef83ee99bf19577d68256c1ce3103ea79f046f23d1af16a8688003a",
    "https://raw.githubusercontent.com/piero0920/ptera/master/local_time.ts": "3836e80d81f1d4ba40fa266632076e0159cc58d1e2ffc23fccfb5249e1c5b780",
    "https://raw.githubusercontent.com/piero0920/ptera/master/locale.ts": "ec9ef85d52f525e9cdb770dc391841d9ef6a72e84f88eff3c4114da7d0a986d1",
    "https://raw.githubusercontent.com/piero0920/ptera/master/mod.ts": "741221c4e7c972d0d0a7745464dcd87611f41729d923b1e40f57ce24c44ae98b",
    "https://raw.githubusercontent.com/piero0920/ptera/master/parse_date.ts": "51ba2b0917ef9015316b84072766286fd693df553930dfb52e024eb441c19d16",
    "https://raw.githubusercontent.com/piero0920/ptera/master/timezone.ts": "4871b64bb0d5e01a968c51dbc34e724a5526149acfb5097f410dfb970bf505cb",
    "https://raw.githubusercontent.com/piero0920/ptera/master/types.ts": "24b378ccf1f8e1783022ffe96312ef7c12deb39a62aa33832a3c3555954e663b",
    "https://raw.githubusercontent.com/piero0920/ptera/master/utils.ts": "1651c7740fef85901af34bbfcd8d9bd467a4313b5a4d5074e2603f989f1ee77a",
    "https://raw.githubusercontent.com/piero0920/ptera/master/zoned_time.ts": "d0578c18b534625c157eaea6daa88c71708b801f03793a05bc48ba492044191e"
  },
  "npm": {
    "specifiers": {
      "openai@3.2.1": "openai@3.2.1"
    },
    "packages": {
      "asynckit@0.4.0": {
        "integrity": "sha512-Oei9OH4tRh0YqU3GxhX79dM/mwVgvbZJaSNaRk+bshkj0S5cfHcgYakreBjrHwatXKbz+IoIdYLxrKim2MjW0Q==",
        "dependencies": {}
      },
      "axios@0.26.1": {
        "integrity": "sha512-fPwcX4EvnSHuInCMItEhAGnaSEXRBjtzh9fOtsE6E1G6p7vl7edEeZe11QHf18+6+9gR5PbKV/sGKNaD8YaMeA==",
        "dependencies": {
          "follow-redirects": "follow-redirects@1.15.2"
        }
      },
      "combined-stream@1.0.8": {
        "integrity": "sha512-FQN4MRfuJeHf7cBbBMJFXhKSDq+2kAArBlmRBvcvFE5BB1HZKXtSFASDhdlz9zOYwxh8lDdnvmMOe/+5cdoEdg==",
        "dependencies": {
          "delayed-stream": "delayed-stream@1.0.0"
        }
      },
      "delayed-stream@1.0.0": {
        "integrity": "sha512-ZySD7Nf91aLB0RxL4KGrKHBXl7Eds1DAmEdcoVawXnLD7SDhpNgtuII2aAkg7a7QS41jxPSZ17p4VdGnMHk3MQ==",
        "dependencies": {}
      },
      "follow-redirects@1.15.2": {
        "integrity": "sha512-VQLG33o04KaQ8uYi2tVNbdrWp1QWxNNea+nmIB4EVM28v0hmP17z7aG1+wAkNzVq4KeXTq3221ye5qTJP91JwA==",
        "dependencies": {}
      },
      "form-data@4.0.0": {
        "integrity": "sha512-ETEklSGi5t0QMZuiXoA/Q6vcnxcLQP5vdugSpuAyi6SVGi2clPPp+xgEhuMaHC+zGgn31Kd235W35f7Hykkaww==",
        "dependencies": {
          "asynckit": "asynckit@0.4.0",
          "combined-stream": "combined-stream@1.0.8",
          "mime-types": "mime-types@2.1.35"
        }
      },
      "mime-db@1.52.0": {
        "integrity": "sha512-sPU4uV7dYlvtWJxwwxHD0PuihVNiE7TyAbQ5SWxDCB9mUYvOgroQOwYQQOKPJ8CIbE+1ETVlOoK1UC2nU3gYvg==",
        "dependencies": {}
      },
      "mime-types@2.1.35": {
        "integrity": "sha512-ZDY+bPm5zTTF+YpCrAU9nK0UgICYPT0QtT1NZWFv4s++TNkcgVaT0g6+4R2uI4MjQjzysHB1zxuWL50hzaeXiw==",
        "dependencies": {
          "mime-db": "mime-db@1.52.0"
        }
      },
      "openai@3.2.1": {
        "integrity": "sha512-762C9BNlJPbjjlWZi4WYK9iM2tAVAv0uUp1UmI34vb0CN5T2mjB/qM6RYBmNKMh/dN9fC+bxqPwWJZUTWW052A==",
        "dependencies": {
          "axios": "axios@0.26.1",
          "form-data": "form-data@4.0.0"
        }
      }
    }
  }
}
